
Microsoft Visual Studio Solution File, Format Version 12.00
# Visual Studio Version 17
VisualStudioVersion = 17.9.34607.119
MinimumVisualStudioVersion = 10.0.40219.1
Project("{FAE04EC0-301F-11D3-BF4B-00C04F79EFBC}") = "ConferencesDomain", "ConferencesDomain\ConferencesDomain.csproj", "{AAD7D0FF-AF16-4338-A925-8D4AD79C5206}"
EndProject
Project("{FAE04EC0-301F-11D3-BF4B-00C04F79EFBC}") = "ConferencesInfrastructure", "ConferencesInfrastructure\ConferencesInfrastructure.csproj", "{DB83F79B-FD9E-4485-B0FD-62FD60FE278B}"
EndProject
Global
	GlobalSection(SolutionConfigurationPlatforms) = preSolution
		Debug|Any CPU = Debug|Any CPU
		Release|Any CPU = Release|Any CPU
	EndGlobalSection
	GlobalSection(ProjectConfigurationPlatforms) = postSolution
		{AAD7D0FF-AF16-4338-A925-8D4AD79C5206}.Debug|Any CPU.ActiveCfg = Debug|Any CPU
		{AAD7D0FF-AF16-4338-A925-8D4AD79C5206}.Debug|Any CPU.Build.0 = Debug|Any CPU
		{AAD7D0FF-AF16-4338-A925-8D4AD79C5206}.Release|Any CPU.ActiveCfg = Release|Any CPU
		{AAD7D0FF-AF16-4338-A925-8D4AD79C5206}.Release|Any CPU.Build.0 = Release|Any CPU
		{DB83F79B-FD9E-4485-B0FD-62FD60FE278B}.Debug|Any CPU.ActiveCfg = Debug|Any CPU
		{DB83F79B-FD9E-4485-B0FD-62FD60FE278B}.Debug|Any CPU.Build.0 = Debug|Any CPU
		{DB83F79B-FD9E-4485-B0FD-62FD60FE278B}.Release|Any CPU.ActiveCfg = Release|Any CPU
		{DB83F79B-FD9E-4485-B0FD-62FD60FE278B}.Release|Any CPU.Build.0 = Release|Any CPU
	EndGlobalSection
	GlobalSection(SolutionProperties) = preSolution
		HideSolutionNode = FALSE
	EndGlobalSection
	GlobalSection(ExtensibilityGlobals) = postSolution
		SolutionGuid = {B98A31D3-6532-4507-82EE-B6D4B77B662D}
	EndGlobalSection
EndGlobal
